
Microsoft Visual Studio Solution File, Format Version 12.00
# Visual Studio Version 17
VisualStudioVersion = 17.14.36310.24
MinimumVisualStudioVersion = 10.0.40219.1
Project("{FAE04EC0-301F-11D3-BF4B-00C04F79EFBC}") = "project-infosoft", "project-infosoft.csproj", "{1626E500-F64E-472D-BE7D-4F92406A127C}"
EndProject
Global
	GlobalSection(SolutionConfigurationPlatforms) = preSolution
		Debug|Any CPU = Debug|Any CPU
		Release|Any CPU = Release|Any CPU
	EndGlobalSection
	GlobalSection(ProjectConfigurationPlatforms) = postSolution
		{1626E500-F64E-472D-BE7D-4F92406A127C}.Debug|Any CPU.ActiveCfg = Debug|Any CPU
		{1626E500-F64E-472D-BE7D-4F92406A127C}.Debug|Any CPU.Build.0 = Debug|Any CPU
		{1626E500-F64E-472D-BE7D-4F92406A127C}.Release|Any CPU.ActiveCfg = Release|Any CPU
		{1626E500-F64E-472D-BE7D-4F92406A127C}.Release|Any CPU.Build.0 = Release|Any CPU
	EndGlobalSection
	GlobalSection(SolutionProperties) = preSolution
		HideSolutionNode = FALSE
	EndGlobalSection
	GlobalSection(ExtensibilityGlobals) = postSolution
		SolutionGuid = {63E51675-FAA0-4B59-98FF-422E386B790B}
	EndGlobalSection
EndGlobal
